
Microsoft Visual Studio Solution File, Format Version 12.00
# Visual Studio Version 17
VisualStudioVersion = 17.0.31903.59
MinimumVisualStudioVersion = 10.0.40219.1
Project("{2150E333-8FDC-42A3-9474-1A3956D46DE8}") = "src", "src", "{20263FEC-3F80-4F0C-99ED-9E67EA28CCF1}"
EndProject
Project("{FAE04EC0-301F-11D3-BF4B-00C04F79EFBC}") = "DiskUtil.Core", "src\DiskUtil.Core\DiskUtil.Core.csproj", "{F1C985E2-2EDD-41F7-B004-E7C063C1D8DE}"
EndProject
Project("{FAE04EC0-301F-11D3-BF4B-00C04F79EFBC}") = "DiskUtil.Web", "src\DiskUtil.Web\DiskUtil.Web.csproj", "{4F30EB4E-D692-4165-87F9-320200DFEA2B}"
EndProject
Project("{2150E333-8FDC-42A3-9474-1A3956D46DE8}") = "tests", "tests", "{21E4E98B-8F89-4A38-9463-29A7D793570C}"
EndProject
Project("{FAE04EC0-301F-11D3-BF4B-00C04F79EFBC}") = "DiskUtil.Core.Tests", "tests\DiskUtil.Core.Tests\DiskUtil.Core.Tests.csproj", "{FF8CC48A-F594-4D44-B414-998E46540638}"
EndProject
Global
	GlobalSection(SolutionConfigurationPlatforms) = preSolution
		Debug|Any CPU = Debug|Any CPU
		Release|Any CPU = Release|Any CPU
	EndGlobalSection
	GlobalSection(SolutionProperties) = preSolution
		HideSolutionNode = FALSE
	EndGlobalSection
	GlobalSection(ProjectConfigurationPlatforms) = postSolution
		{F1C985E2-2EDD-41F7-B004-E7C063C1D8DE}.Debug|Any CPU.ActiveCfg = Debug|Any CPU
		{F1C985E2-2EDD-41F7-B004-E7C063C1D8DE}.Debug|Any CPU.Build.0 = Debug|Any CPU
		{F1C985E2-2EDD-41F7-B004-E7C063C1D8DE}.Release|Any CPU.ActiveCfg = Release|Any CPU
		{F1C985E2-2EDD-41F7-B004-E7C063C1D8DE}.Release|Any CPU.Build.0 = Release|Any CPU
		{4F30EB4E-D692-4165-87F9-320200DFEA2B}.Debug|Any CPU.ActiveCfg = Debug|Any CPU
		{4F30EB4E-D692-4165-87F9-320200DFEA2B}.Debug|Any CPU.Build.0 = Debug|Any CPU
		{4F30EB4E-D692-4165-87F9-320200DFEA2B}.Release|Any CPU.ActiveCfg = Release|Any CPU
		{4F30EB4E-D692-4165-87F9-320200DFEA2B}.Release|Any CPU.Build.0 = Release|Any CPU
		{FF8CC48A-F594-4D44-B414-998E46540638}.Debug|Any CPU.ActiveCfg = Debug|Any CPU
		{FF8CC48A-F594-4D44-B414-998E46540638}.Debug|Any CPU.Build.0 = Debug|Any CPU
		{FF8CC48A-F594-4D44-B414-998E46540638}.Release|Any CPU.ActiveCfg = Release|Any CPU
		{FF8CC48A-F594-4D44-B414-998E46540638}.Release|Any CPU.Build.0 = Release|Any CPU
	EndGlobalSection
	GlobalSection(NestedProjects) = preSolution
		{F1C985E2-2EDD-41F7-B004-E7C063C1D8DE} = {20263FEC-3F80-4F0C-99ED-9E67EA28CCF1}
		{4F30EB4E-D692-4165-87F9-320200DFEA2B} = {20263FEC-3F80-4F0C-99ED-9E67EA28CCF1}
		{FF8CC48A-F594-4D44-B414-998E46540638} = {21E4E98B-8F89-4A38-9463-29A7D793570C}
	EndGlobalSection
EndGlobal
